// !$*UTF8*$!
{
	archiveVersion = 1;
	classes = {
	};
	objectVersion = 50;
	objects = {

/* Begin PBXBuildFile section */
		90A527D0264427460030AB59 /* Singer+CoreDataClass.swift in Sources */ = {isa = PBXBuildFile; fileRef = 90A527CE264427460030AB59 /* Singer+CoreDataClass.swift */; };
		90A527D1264427460030AB59 /* Singer+CoreDataProperties.swift in Sources */ = {isa = PBXBuildFile; fileRef = 90A527CF264427460030AB59 /* Singer+CoreDataProperties.swift */; };
		90A527D3264428A80030AB59 /* FilteredList.swift in Sources */ = {isa = PBXBuildFile; fileRef = 90A527D2264428A80030AB59 /* FilteredList.swift */; };
		90A527D8264434580030AB59 /* Country+CoreDataClass.swift in Sources */ = {isa = PBXBuildFile; fileRef = 90A527D4264434580030AB59 /* Country+CoreDataClass.swift */; };
		90A527D9264434580030AB59 /* Country+CoreDataProperties.swift in Sources */ = {isa = PBXBuildFile; fileRef = 90A527D5264434580030AB59 /* Country+CoreDataProperties.swift */; };
		90A527DA264434580030AB59 /* Candy+CoreDataClass.swift in Sources */ = {isa = PBXBuildFile; fileRef = 90A527D6264434580030AB59 /* Candy+CoreDataClass.swift */; };
		90A527DB264434580030AB59 /* Candy+CoreDataProperties.swift in Sources */ = {isa = PBXBuildFile; fileRef = 90A527D7264434580030AB59 /* Candy+CoreDataProperties.swift */; };
		90CF3A342642BEA200A46B50 /* CoreDataProjectApp.swift in Sources */ = {isa = PBXBuildFile; fileRef = 90CF3A332642BEA200A46B50 /* CoreDataProjectApp.swift */; };
		90CF3A362642BEA200A46B50 /* ContentView.swift in Sources */ = {isa = PBXBuildFile; fileRef = 90CF3A352642BEA200A46B50 /* ContentView.swift */; };
		90CF3A382642BEA500A46B50 /* Assets.xcassets in Resources */ = {isa = PBXBuildFile; fileRef = 90CF3A372642BEA500A46B50 /* Assets.xcassets */; };
		90CF3A3B2642BEA500A46B50 /* Preview Assets.xcassets in Resources */ = {isa = PBXBuildFile; fileRef = 90CF3A3A2642BEA500A46B50 /* Preview Assets.xcassets */; };
		90CF3A3D2642BEA500A46B50 /* Persistence.swift in Sources */ = {isa = PBXBuildFile; fileRef = 90CF3A3C2642BEA500A46B50 /* Persistence.swift */; };
		90CF3A402642BEA500A46B50 /* CoreDataProject.xcdatamodeld in Sources */ = {isa = PBXBuildFile; fileRef = 90CF3A3E2642BEA500A46B50 /* CoreDataProject.xcdatamodeld */; };
		90CF3A492643DF8B00A46B50 /* Movie+CoreDataClass.swift in Sources */ = {isa = PBXBuildFile; fileRef = 90CF3A472643DF8B00A46B50 /* Movie+CoreDataClass.swift */; };
		90CF3A4A2643DF8B00A46B50 /* Movie+CoreDataProperties.swift in Sources */ = {isa = PBXBuildFile; fileRef = 90CF3A482643DF8B00A46B50 /* Movie+CoreDataProperties.swift */; };
/* End PBXBuildFile section */

/* Begin PBXFileReference section */
		90A527CE264427460030AB59 /* Singer+CoreDataClass.swift */ = {isa = PBXFileReference; lastKnownFileType = sourcecode.swift; path = "Singer+CoreDataClass.swift"; sourceTree = SOURCE_ROOT; };
		90A527CF264427460030AB59 /* Singer+CoreDataProperties.swift */ = {isa = PBXFileReference; lastKnownFileType = sourcecode.swift; path = "Singer+CoreDataProperties.swift"; sourceTree = SOURCE_ROOT; };
		90A527D2264428A80030AB59 /* FilteredList.swift */ = {isa = PBXFileReference; lastKnownFileType = sourcecode.swift; path = FilteredList.swift; sourceTree = "<group>"; };
		90A527D4264434580030AB59 /* Country+CoreDataClass.swift */ = {isa = PBXFileReference; lastKnownFileType = sourcecode.swift; path = "Country+CoreDataClass.swift"; sourceTree = SOURCE_ROOT; };
		90A527D5264434580030AB59 /* Country+CoreDataProperties.swift */ = {isa = PBXFileReference; lastKnownFileType = sourcecode.swift; path = "Country+CoreDataProperties.swift"; sourceTree = SOURCE_ROOT; };
		90A527D6264434580030AB59 /* Candy+CoreDataClass.swift */ = {isa = PBXFileReference; lastKnownFileType = sourcecode.swift; path = "Candy+CoreDataClass.swift"; sourceTree = SOURCE_ROOT; };
		90A527D7264434580030AB59 /* Candy+CoreDataProperties.swift */ = {isa = PBXFileReference; lastKnownFileType = sourcecode.swift; path = "Candy+CoreDataProperties.swift"; sourceTree = SOURCE_ROOT; };
		90CF3A302642BEA200A46B50 /* CoreDataProject.app */ = {isa = PBXFileReference; explicitFileType = wrapper.application; includeInIndex = 0; path = CoreDataProject.app; sourceTree = BUILT_PRODUCTS_DIR; };
		90CF3A332642BEA200A46B50 /* CoreDataProjectApp.swift */ = {isa = PBXFileReference; lastKnownFileType = sourcecode.swift; path = CoreDataProjectApp.swift; sourceTree = "<group>"; };
		90CF3A352642BEA200A46B50 /* ContentView.swift */ = {isa = PBXFileReference; lastKnownFileType = sourcecode.swift; path = ContentView.swift; sourceTree = "<group>"; };
		90CF3A372642BEA500A46B50 /* Assets.xcassets */ = {isa = PBXFileReference; lastKnownFileType = folder.assetcatalog; path = Assets.xcassets; sourceTree = "<group>"; };
		90CF3A3A2642BEA500A46B50 /* Preview Assets.xcassets */ = {isa = PBXFileReference; lastKnownFileType = folder.assetcatalog; path = "Preview Assets.xcassets"; sourceTree = "<group>"; };
		90CF3A3C2642BEA500A46B50 /* Persistence.swift */ = {isa = PBXFileReference; lastKnownFileType = sourcecode.swift; path = Persistence.swift; sourceTree = "<group>"; };
		90CF3A3F2642BEA500A46B50 /* CoreDataProject.xcdatamodel */ = {isa = PBXFileReference; lastKnownFileType = wrapper.xcdatamodel; path = CoreDataProject.xcdatamodel; sourceTree = "<group>"; };
		90CF3A412642BEA500A46B50 /* Info.plist */ = {isa = PBXFileReference; lastKnownFileType = text.plist.xml; path = Info.plist; sourceTree = "<group>"; };
		90CF3A472643DF8B00A46B50 /* Movie+CoreDataClass.swift */ = {isa = PBXFileReference; lastKnownFileType = sourcecode.swift; path = "Movie+CoreDataClass.swift"; sourceTree = SOURCE_ROOT; };
		90CF3A482643DF8B00A46B50 /* Movie+CoreDataProperties.swift */ = {isa = PBXFileReference; lastKnownFileType = sourcecode.swift; path = "Movie+CoreDataProperties.swift"; sourceTree = SOURCE_ROOT; };
/* End PBXFileReference section */

/* Begin PBXFrameworksBuildPhase section */
		90CF3A2D2642BEA200A46B50 /* Frameworks */ = {
			isa = PBXFrameworksBuildPhase;
			buildActionMask = 2147483647;
			files = (
			);
			runOnlyForDeploymentPostprocessing = 0;
		};
/* End PBXFrameworksBuildPhase section */

/* Begin PBXGroup section */
		90CF3A272642BEA200A46B50 = {
			isa = PBXGroup;
			children = (
				90CF3A322642BEA200A46B50 /* CoreDataProject */,
				90CF3A312642BEA200A46B50 /* Products */,
			);
			sourceTree = "<group>";
		};
		90CF3A312642BEA200A46B50 /* Products */ = {
			isa = PBXGroup;
			children = (
				90CF3A302642BEA200A46B50 /* CoreDataProject.app */,
			);
			name = Products;
			sourceTree = "<group>";
		};
		90CF3A322642BEA200A46B50 /* CoreDataProject */ = {
			isa = PBXGroup;
			children = (
				90A527D4264434580030AB59 /* Country+CoreDataClass.swift */,
				90A527D5264434580030AB59 /* Country+CoreDataProperties.swift */,
				90A527D6264434580030AB59 /* Candy+CoreDataClass.swift */,
				90A527D7264434580030AB59 /* Candy+CoreDataProperties.swift */,
				90A527CE264427460030AB59 /* Singer+CoreDataClass.swift */,
				90A527CF264427460030AB59 /* Singer+CoreDataProperties.swift */,
				90CF3A472643DF8B00A46B50 /* Movie+CoreDataClass.swift */,
				90CF3A482643DF8B00A46B50 /* Movie+CoreDataProperties.swift */,
				90CF3A332642BEA200A46B50 /* CoreDataProjectApp.swift */,
				90CF3A352642BEA200A46B50 /* ContentView.swift */,
				90A527D2264428A80030AB59 /* FilteredList.swift */,
				90CF3A372642BEA500A46B50 /* Assets.xcassets */,
				90CF3A3C2642BEA500A46B50 /* Persistence.swift */,
				90CF3A412642BEA500A46B50 /* Info.plist */,
				90CF3A3E2642BEA500A46B50 /* CoreDataProject.xcdatamodeld */,
				90CF3A392642BEA500A46B50 /* Preview Content */,
			);
			path = CoreDataProject;
			sourceTree = "<group>";
		};
		90CF3A392642BEA500A46B50 /* Preview Content */ = {
			isa = PBXGroup;
			children = (
				90CF3A3A2642BEA500A46B50 /* Preview Assets.xcassets */,
			);
			path = "Preview Content";
			sourceTree = "<group>";
		};
/* End PBXGroup section */

/* Begin PBXNativeTarget section */
		90CF3A2F2642BEA200A46B50 /* CoreDataProject */ = {
			isa = PBXNativeTarget;
			buildConfigurationList = 90CF3A442642BEA500A46B50 /* Build configuration list for PBXNativeTarget "CoreDataProject" */;
			buildPhases = (
				90CF3A2C2642BEA200A46B50 /* Sources */,
				90CF3A2D2642BEA200A46B50 /* Frameworks */,
				90CF3A2E2642BEA200A46B50 /* Resources */,
			);
			buildRules = (
			);
			dependencies = (
			);
			name = CoreDataProject;
			productName = CoreDataProject;
			productReference = 90CF3A302642BEA200A46B50 /* CoreDataProject.app */;
			productType = "com.apple.product-type.application";
		};
/* End PBXNativeTarget section */

/* Begin PBXProject section */
		90CF3A282642BEA200A46B50 /* Project object */ = {
			isa = PBXProject;
			attributes = {
				LastSwiftUpdateCheck = 1250;
				LastUpgradeCheck = 1250;
				TargetAttributes = {
					90CF3A2F2642BEA200A46B50 = {
						CreatedOnToolsVersion = 12.5;
					};
				};
			};
			buildConfigurationList = 90CF3A2B2642BEA200A46B50 /* Build configuration list for PBXProject "CoreDataProject" */;
			compatibilityVersion = "Xcode 9.3";
			developmentRegion = en;
			hasScannedForEncodings = 0;
			knownRegions = (
				en,
				Base,
			);
			mainGroup = 90CF3A272642BEA200A46B50;
			productRefGroup = 90CF3A312642BEA200A46B50 /* Products */;
			projectDirPath = "";
			projectRoot = "";
			targets = (
				90CF3A2F2642BEA200A46B50 /* CoreDataProject */,
			);
		};
/* End PBXProject section */

/* Begin PBXResourcesBuildPhase section */
		90CF3A2E2642BEA200A46B50 /* Resources */ = {
			isa = PBXResourcesBuildPhase;
			buildActionMask = 2147483647;
			files = (
				90CF3A3B2642BEA500A46B50 /* Preview Assets.xcassets in Resources */,
				90CF3A382642BEA500A46B50 /* Assets.xcassets in Resources */,
			);
			runOnlyForDeploymentPostprocessing = 0;
		};
/* End PBXResourcesBuildPhase section */

/* Begin PBXSourcesBuildPhase section */
		90CF3A2C2642BEA200A46B50 /* Sources */ = {
			isa = PBXSourcesBuildPhase;
			buildActionMask = 2147483647;
			files = (
				90A527D0264427460030AB59 /* Singer+CoreDataClass.swift in Sources */,
				90CF3A3D2642BEA500A46B50 /* Persistence.swift in Sources */,
				90A527D3264428A80030AB59 /* FilteredList.swift in Sources */,
				90CF3A362642BEA200A46B50 /* ContentView.swift in Sources */,
				90CF3A402642BEA500A46B50 /* CoreDataProject.xcdatamodeld in Sources */,
				90A527DB264434580030AB59 /* Candy+CoreDataProperties.swift in Sources */,
				90CF3A492643DF8B00A46B50 /* Movie+CoreDataClass.swift in Sources */,
				90A527D9264434580030AB59 /* Country+CoreDataProperties.swift in Sources */,
				90A527D1264427460030AB59 /* Singer+CoreDataProperties.swift in Sources */,
				90CF3A4A2643DF8B00A46B50 /* Movie+CoreDataProperties.swift in Sources */,
				90A527D8264434580030AB59 /* Country+CoreDataClass.swift in Sources */,
				90CF3A342642BEA200A46B50 /* CoreDataProjectApp.swift in Sources */,
				90A527DA264434580030AB59 /* Candy+CoreDataClass.swift in Sources */,
			);
			runOnlyForDeploymentPostprocessing = 0;
		};
/* End PBXSourcesBuildPhase section */

/* Begin XCBuildConfiguration section */
		90CF3A422642BEA500A46B50 /* Debug */ = {
			isa = XCBuildConfiguration;
			buildSettings = {
				ALWAYS_SEARCH_USER_PATHS = NO;
				CLANG_ANALYZER_NONNULL = YES;
				CLANG_ANALYZER_NUMBER_OBJECT_CONVERSION = YES_AGGRESSIVE;
				CLANG_CXX_LANGUAGE_STANDARD = "gnu++14";
				CLANG_CXX_LIBRARY = "libc++";
				CLANG_ENABLE_MODULES = YES;
				CLANG_ENABLE_OBJC_ARC = YES;
				CLANG_ENABLE_OBJC_WEAK = YES;
				CLANG_WARN_BLOCK_CAPTURE_AUTORELEASING = YES;
				CLANG_WARN_BOOL_CONVERSION = YES;
				CLANG_WARN_COMMA = YES;
				CLANG_WARN_CONSTANT_CONVERSION = YES;
				CLANG_WARN_DEPRECATED_OBJC_IMPLEMENTATIONS = YES;
				CLANG_WARN_DIRECT_OBJC_ISA_USAGE = YES_ERROR;
				CLANG_WARN_DOCUMENTATION_COMMENTS = YES;
				CLANG_WARN_EMPTY_BODY = YES;
				CLANG_WARN_ENUM_CONVERSION = YES;
				CLANG_WARN_INFINITE_RECURSION = YES;
				CLANG_WARN_INT_CONVERSION = YES;
				CLANG_WARN_NON_LITERAL_NULL_CONVERSION = YES;
				CLANG_WARN_OBJC_IMPLICIT_RETAIN_SELF = YES;
				CLANG_WARN_OBJC_LITERAL_CONVERSION = YES;
				CLANG_WARN_OBJC_ROOT_CLASS = YES_ERROR;
				CLANG_WARN_QUOTED_INCLUDE_IN_FRAMEWORK_HEADER = YES;
				CLANG_WARN_RANGE_LOOP_ANALYSIS = YES;
				CLANG_WARN_STRICT_PROTOTYPES = YES;
				CLANG_WARN_SUSPICIOUS_MOVE = YES;
				CLANG_WARN_UNGUARDED_AVAILABILITY = YES_AGGRESSIVE;
				CLANG_WARN_UNREACHABLE_CODE = YES;
				CLANG_WARN__DUPLICATE_METHOD_MATCH = YES;
				COPY_PHASE_STRIP = NO;
				DEBUG_INFORMATION_FORMAT = dwarf;
				ENABLE_STRICT_OBJC_MSGSEND = YES;
				ENABLE_TESTABILITY = YES;
				GCC_C_LANGUAGE_STANDARD = gnu11;
				GCC_DYNAMIC_NO_PIC = NO;
				GCC_NO_COMMON_BLOCKS = YES;
				GCC_OPTIMIZATION_LEVEL = 0;
				GCC_PREPROCESSOR_DEFINITIONS = (
					"DEBUG=1",
					"$(inherited)",
				);
				GCC_WARN_64_TO_32_BIT_CONVERSION = YES;
				GCC_WARN_ABOUT_RETURN_TYPE = YES_ERROR;
				GCC_WARN_UNDECLARED_SELECTOR = YES;
				GCC_WARN_UNINITIALIZED_AUTOS = YES_AGGRESSIVE;
				GCC_WARN_UNUSED_FUNCTION = YES;
				GCC_WARN_UNUSED_VARIABLE = YES;
				IPHONEOS_DEPLOYMENT_TARGET = 14.5;
				MTL_ENABLE_DEBUG_INFO = INCLUDE_SOURCE;
				MTL_FAST_MATH = YES;
				ONLY_ACTIVE_ARCH = YES;
				SDKROOT = iphoneos;
				SWIFT_ACTIVE_COMPILATION_CONDITIONS = DEBUG;
				SWIFT_OPTIMIZATION_LEVEL = "-Onone";
			};
			name = Debug;
		};
		90CF3A432642BEA500A46B50 /* Release */ = {
			isa = XCBuildConfiguration;
			buildSettings = {
				ALWAYS_SEARCH_USER_PATHS = NO;
				CLANG_ANALYZER_NONNULL = YES;
				CLANG_ANALYZER_NUMBER_OBJECT_CONVERSION = YES_AGGRESSIVE;
				CLANG_CXX_LANGUAGE_STANDARD = "gnu++14";
				CLANG_CXX_LIBRARY = "libc++";
				CLANG_ENABLE_MODULES = YES;
				CLANG_ENABLE_OBJC_ARC = YES;
				CLANG_ENABLE_OBJC_WEAK = YES;
				CLANG_WARN_BLOCK_CAPTURE_AUTORELEASING = YES;
				CLANG_WARN_BOOL_CONVERSION = YES;
				CLANG_WARN_COMMA = YES;
				CLANG_WARN_CONSTANT_CONVERSION = YES;
				CLANG_WARN_DEPRECATED_OBJC_IMPLEMENTATIONS = YES;
				CLANG_WARN_DIRECT_OBJC_ISA_USAGE = YES_ERROR;
				CLANG_WARN_DOCUMENTATION_COMMENTS = YES;
				CLANG_WARN_EMPTY_BODY = YES;
				CLANG_WARN_ENUM_CONVERSION = YES;
				CLANG_WARN_INFINITE_RECURSION = YES;
				CLANG_WARN_INT_CONVERSION = YES;
				CLANG_WARN_NON_LITERAL_NULL_CONVERSION = YES;
				CLANG_WARN_OBJC_IMPLICIT_RETAIN_SELF = YES;
				CLANG_WARN_OBJC_LITERAL_CONVERSION = YES;
				CLANG_WARN_OBJC_ROOT_CLASS = YES_ERROR;
				CLANG_WARN_QUOTED_INCLUDE_IN_FRAMEWORK_HEADER = YES;
				CLANG_WARN_RANGE_LOOP_ANALYSIS = YES;
				CLANG_WARN_STRICT_PROTOTYPES = YES;
				CLANG_WARN_SUSPICIOUS_MOVE = YES;
				CLANG_WARN_UNGUARDED_AVAILABILITY = YES_AGGRESSIVE;
				CLANG_WARN_UNREACHABLE_CODE = YES;
				CLANG_WARN__DUPLICATE_METHOD_MATCH = YES;
				COPY_PHASE_STRIP = NO;
				DEBUG_INFORMATION_FORMAT = "dwarf-with-dsym";
				ENABLE_NS_ASSERTIONS = NO;
				ENABLE_STRICT_OBJC_MSGSEND = YES;
				GCC_C_LANGUAGE_STANDARD = gnu11;
				GCC_NO_COMMON_BLOCKS = YES;
				GCC_WARN_64_TO_32_BIT_CONVERSION = YES;
				GCC_WARN_ABOUT_RETURN_TYPE = YES_ERROR;
				GCC_WARN_UNDECLARED_SELECTOR = YES;
				GCC_WARN_UNINITIALIZED_AUTOS = YES_AGGRESSIVE;
				GCC_WARN_UNUSED_FUNCTION = YES;
				GCC_WARN_UNUSED_VARIABLE = YES;
				IPHONEOS_DEPLOYMENT_TARGET = 14.5;
				MTL_ENABLE_DEBUG_INFO = NO;
				MTL_FAST_MATH = YES;
				SDKROOT = iphoneos;
				SWIFT_COMPILATION_MODE = wholemodule;
				SWIFT_OPTIMIZATION_LEVEL = "-O";
				VALIDATE_PRODUCT = YES;
			};
			name = Release;
		};
		90CF3A452642BEA500A46B50 /* Debug */ = {
			isa = XCBuildConfiguration;
			buildSettings = {
				ASSETCATALOG_COMPILER_APPICON_NAME = AppIcon;
				ASSETCATALOG_COMPILER_GLOBAL_ACCENT_COLOR_NAME = AccentColor;
				CODE_SIGN_STYLE = Automatic;
				DEVELOPMENT_ASSET_PATHS = "\"CoreDataProject/Preview Content\"";
				DEVELOPMENT_TEAM = LC6H4V574H;
				ENABLE_PREVIEWS = YES;
				INFOPLIST_FILE = CoreDataProject/Info.plist;
				IPHONEOS_DEPLOYMENT_TARGET = 14.0;
				LD_RUNPATH_SEARCH_PATHS = (
					"$(inherited)",
					"@executable_path/Frameworks",
				);
				PRODUCT_BUNDLE_IDENTIFIER = dk.viskum.CoreDataProject;
				PRODUCT_NAME = "$(TARGET_NAME)";
				SWIFT_VERSION = 5.0;
				TARGETED_DEVICE_FAMILY = "1,2";
			};
			name = Debug;
		};
		90CF3A462642BEA500A46B50 /* Release */ = {
			isa = XCBuildConfiguration;
			buildSettings = {
				ASSETCATALOG_COMPILER_APPICON_NAME = AppIcon;
				ASSETCATALOG_COMPILER_GLOBAL_ACCENT_COLOR_NAME = AccentColor;
				CODE_SIGN_STYLE = Automatic;
				DEVELOPMENT_ASSET_PATHS = "\"CoreDataProject/Preview Content\"";
				DEVELOPMENT_TEAM = LC6H4V574H;
				ENABLE_PREVIEWS = YES;
				INFOPLIST_FILE = CoreDataProject/Info.plist;
				IPHONEOS_DEPLOYMENT_TARGET = 14.0;
				LD_RUNPATH_SEARCH_PATHS = (
					"$(inherited)",
					"@executable_path/Frameworks",
				);
				PRODUCT_BUNDLE_IDENTIFIER = dk.viskum.CoreDataProject;
				PRODUCT_NAME = "$(TARGET_NAME)";
				SWIFT_VERSION = 5.0;
				TARGETED_DEVICE_FAMILY = "1,2";
			};
			name = Release;
		};
/* End XCBuildConfiguration section */

/* Begin XCConfigurationList section */
		90CF3A2B2642BEA200A46B50 /* Build configuration list for PBXProject "CoreDataProject" */ = {
			isa = XCConfigurationList;
			buildConfigurations = (
				90CF3A422642BEA500A46B50 /* Debug */,
				90CF3A432642BEA500A46B50 /* Release */,
			);
			defaultConfigurationIsVisible = 0;
			defaultConfigurationName = Release;
		};
		90CF3A442642BEA500A46B50 /* Build configuration list for PBXNativeTarget "CoreDataProject" */ = {
			isa = XCConfigurationList;
			buildConfigurations = (
				90CF3A452642BEA500A46B50 /* Debug */,
				90CF3A462642BEA500A46B50 /* Release */,
			);
			defaultConfigurationIsVisible = 0;
			defaultConfigurationName = Release;
		};
/* End XCConfigurationList section */

/* Begin XCVersionGroup section */
		90CF3A3E2642BEA500A46B50 /* CoreDataProject.xcdatamodeld */ = {
			isa = XCVersionGroup;
			children = (
				90CF3A3F2642BEA500A46B50 /* CoreDataProject.xcdatamodel */,
			);
			currentVersion = 90CF3A3F2642BEA500A46B50 /* CoreDataProject.xcdatamodel */;
			path = CoreDataProject.xcdatamodeld;
			sourceTree = "<group>";
			versionGroupType = wrapper.xcdatamodel;
		};
/* End XCVersionGroup section */
	};
	rootObject = 90CF3A282642BEA200A46B50 /* Project object */;
}
